// !$*UTF8*$!
{
	archiveVersion = 1;
	classes = {
	};
	objectVersion = 55;
	objects = {

/* Begin PBXBuildFile section */
		0CA3511D2BA1F5950071C6D9 /* 09447b65bc315f21dd88.png in Resources */ = {isa = PBXBuildFile; fileRef = 0CA350F42BA1F5940071C6D9 /* 09447b65bc315f21dd88.png */; };
		0CA3511E2BA1F5950071C6D9 /* 09447b65bc315f21dd88.png in Resources */ = {isa = PBXBuildFile; fileRef = 0CA350F42BA1F5940071C6D9 /* 09447b65bc315f21dd88.png */; };
		0CA3511F2BA1F5950071C6D9 /* popup.html in Resources */ = {isa = PBXBuildFile; fileRef = 0CA350F52BA1F5940071C6D9 /* popup.html */; };
		0CA351202BA1F5950071C6D9 /* popup.html in Resources */ = {isa = PBXBuildFile; fileRef = 0CA350F52BA1F5940071C6D9 /* popup.html */; };
		0CA351252BA1F5950071C6D9 /* 6ab22e10f91e6d604a86.png in Resources */ = {isa = PBXBuildFile; fileRef = 0CA350F82BA1F5950071C6D9 /* 6ab22e10f91e6d604a86.png */; };
		0CA351262BA1F5950071C6D9 /* 6ab22e10f91e6d604a86.png in Resources */ = {isa = PBXBuildFile; fileRef = 0CA350F82BA1F5950071C6D9 /* 6ab22e10f91e6d604a86.png */; };
		0CA351272BA1F5950071C6D9 /* prompt.css in Resources */ = {isa = PBXBuildFile; fileRef = 0CA350F92BA1F5950071C6D9 /* prompt.css */; };
		0CA351282BA1F5950071C6D9 /* prompt.css in Resources */ = {isa = PBXBuildFile; fileRef = 0CA350F92BA1F5950071C6D9 /* prompt.css */; };
		0CA351292BA1F5950071C6D9 /* d33c8b75d72c124a9f42.png in Resources */ = {isa = PBXBuildFile; fileRef = 0CA350FA2BA1F5950071C6D9 /* d33c8b75d72c124a9f42.png */; };
		0CA3512A2BA1F5950071C6D9 /* d33c8b75d72c124a9f42.png in Resources */ = {isa = PBXBuildFile; fileRef = 0CA350FA2BA1F5950071C6D9 /* d33c8b75d72c124a9f42.png */; };
		0CA3512B2BA1F5950071C6D9 /* 30ce13955c3f8819dea7.woff2 in Resources */ = {isa = PBXBuildFile; fileRef = 0CA350FB2BA1F5950071C6D9 /* 30ce13955c3f8819dea7.woff2 */; };
		0CA3512C2BA1F5950071C6D9 /* 30ce13955c3f8819dea7.woff2 in Resources */ = {isa = PBXBuildFile; fileRef = 0CA350FB2BA1F5950071C6D9 /* 30ce13955c3f8819dea7.woff2 */; };
		0CA3512D2BA1F5950071C6D9 /* welcome.html in Resources */ = {isa = PBXBuildFile; fileRef = 0CA350FC2BA1F5950071C6D9 /* welcome.html */; };
		0CA3512E2BA1F5950071C6D9 /* welcome.html in Resources */ = {isa = PBXBuildFile; fileRef = 0CA350FC2BA1F5950071C6D9 /* welcome.html */; };
		0CA3512F2BA1F5950071C6D9 /* 5c645db5c725ae4290bb.woff2 in Resources */ = {isa = PBXBuildFile; fileRef = 0CA350FD2BA1F5950071C6D9 /* 5c645db5c725ae4290bb.woff2 */; };
		0CA351302BA1F5950071C6D9 /* 5c645db5c725ae4290bb.woff2 in Resources */ = {isa = PBXBuildFile; fileRef = 0CA350FD2BA1F5950071C6D9 /* 5c645db5c725ae4290bb.woff2 */; };
		0CA351312BA1F5950071C6D9 /* b2a3bfb5c465544f54d2.jpg in Resources */ = {isa = PBXBuildFile; fileRef = 0CA350FE2BA1F5950071C6D9 /* b2a3bfb5c465544f54d2.jpg */; };
		0CA351322BA1F5950071C6D9 /* b2a3bfb5c465544f54d2.jpg in Resources */ = {isa = PBXBuildFile; fileRef = 0CA350FE2BA1F5950071C6D9 /* b2a3bfb5c465544f54d2.jpg */; };
		0CA351372BA1F5950071C6D9 /* welcome.css in Resources */ = {isa = PBXBuildFile; fileRef = 0CA351012BA1F5950071C6D9 /* welcome.css */; };
		0CA351382BA1F5950071C6D9 /* welcome.css in Resources */ = {isa = PBXBuildFile; fileRef = 0CA351012BA1F5950071C6D9 /* welcome.css */; };
		0CA351392BA1F5950071C6D9 /* 583467e0911eea417339.woff in Resources */ = {isa = PBXBuildFile; fileRef = 0CA351022BA1F5950071C6D9 /* 583467e0911eea417339.woff */; };
		0CA3513A2BA1F5950071C6D9 /* 583467e0911eea417339.woff in Resources */ = {isa = PBXBuildFile; fileRef = 0CA351022BA1F5950071C6D9 /* 583467e0911eea417339.woff */; };
		0CA3513B2BA1F5950071C6D9 /* 4c4ea91e555d4687ded9.png in Resources */ = {isa = PBXBuildFile; fileRef = 0CA351032BA1F5950071C6D9 /* 4c4ea91e555d4687ded9.png */; };
		0CA3513C2BA1F5950071C6D9 /* 4c4ea91e555d4687ded9.png in Resources */ = {isa = PBXBuildFile; fileRef = 0CA351032BA1F5950071C6D9 /* 4c4ea91e555d4687ded9.png */; };
		0CA3513D2BA1F5950071C6D9 /* 4cc1d253927a7d089c7b.png in Resources */ = {isa = PBXBuildFile; fileRef = 0CA351042BA1F5950071C6D9 /* 4cc1d253927a7d089c7b.png */; };
		0CA3513E2BA1F5950071C6D9 /* 4cc1d253927a7d089c7b.png in Resources */ = {isa = PBXBuildFile; fileRef = 0CA351042BA1F5950071C6D9 /* 4cc1d253927a7d089c7b.png */; };
		0CA3513F2BA1F5950071C6D9 /* popup.css in Resources */ = {isa = PBXBuildFile; fileRef = 0CA351052BA1F5950071C6D9 /* popup.css */; };
		0CA351402BA1F5950071C6D9 /* popup.css in Resources */ = {isa = PBXBuildFile; fileRef = 0CA351052BA1F5950071C6D9 /* popup.css */; };
		0CA351412BA1F5950071C6D9 /* options.css in Resources */ = {isa = PBXBuildFile; fileRef = 0CA351062BA1F5950071C6D9 /* options.css */; };
		0CA351422BA1F5950071C6D9 /* options.css in Resources */ = {isa = PBXBuildFile; fileRef = 0CA351062BA1F5950071C6D9 /* options.css */; };
		0CA351432BA1F5950071C6D9 /* 3a2561edba0b51c5bd0e.woff2 in Resources */ = {isa = PBXBuildFile; fileRef = 0CA351072BA1F5950071C6D9 /* 3a2561edba0b51c5bd0e.woff2 */; };
		0CA351442BA1F5950071C6D9 /* 3a2561edba0b51c5bd0e.woff2 in Resources */ = {isa = PBXBuildFile; fileRef = 0CA351072BA1F5950071C6D9 /* 3a2561edba0b51c5bd0e.woff2 */; };
		0CA351452BA1F5950071C6D9 /* 1fae6cf7b7f21182ee95.png in Resources */ = {isa = PBXBuildFile; fileRef = 0CA351082BA1F5950071C6D9 /* 1fae6cf7b7f21182ee95.png */; };
		0CA351462BA1F5950071C6D9 /* 1fae6cf7b7f21182ee95.png in Resources */ = {isa = PBXBuildFile; fileRef = 0CA351082BA1F5950071C6D9 /* 1fae6cf7b7f21182ee95.png */; };
		0CA351472BA1F5950071C6D9 /* manifest.json in Resources */ = {isa = PBXBuildFile; fileRef = 0CA351092BA1F5950071C6D9 /* manifest.json */; };
		0CA351482BA1F5950071C6D9 /* manifest.json in Resources */ = {isa = PBXBuildFile; fileRef = 0CA351092BA1F5950071C6D9 /* manifest.json */; };
		0CA351492BA1F5950071C6D9 /* 81daffde9cd47604bd03.woff in Resources */ = {isa = PBXBuildFile; fileRef = 0CA3510A2BA1F5950071C6D9 /* 81daffde9cd47604bd03.woff */; };
		0CA3514A2BA1F5950071C6D9 /* 81daffde9cd47604bd03.woff in Resources */ = {isa = PBXBuildFile; fileRef = 0CA3510A2BA1F5950071C6D9 /* 81daffde9cd47604bd03.woff */; };
		0CA3514B2BA1F5950071C6D9 /* e3cdc1640bb5aca79621.png in Resources */ = {isa = PBXBuildFile; fileRef = 0CA3510B2BA1F5950071C6D9 /* e3cdc1640bb5aca79621.png */; };
		0CA3514C2BA1F5950071C6D9 /* e3cdc1640bb5aca79621.png in Resources */ = {isa = PBXBuildFile; fileRef = 0CA3510B2BA1F5950071C6D9 /* e3cdc1640bb5aca79621.png */; };
		0CA3514D2BA1F5950071C6D9 /* 28086fe85e24b818fdf8.woff in Resources */ = {isa = PBXBuildFile; fileRef = 0CA3510C2BA1F5950071C6D9 /* 28086fe85e24b818fdf8.woff */; };
		0CA3514E2BA1F5950071C6D9 /* 28086fe85e24b818fdf8.woff in Resources */ = {isa = PBXBuildFile; fileRef = 0CA3510C2BA1F5950071C6D9 /* 28086fe85e24b818fdf8.woff */; };
		0CA351512BA1F5950071C6D9 /* prompt.html in Resources */ = {isa = PBXBuildFile; fileRef = 0CA3510E2BA1F5950071C6D9 /* prompt.html */; };
		0CA351522BA1F5950071C6D9 /* prompt.html in Resources */ = {isa = PBXBuildFile; fileRef = 0CA3510E2BA1F5950071C6D9 /* prompt.html */; };
		0CA351532BA1F5950071C6D9 /* e44790d433fdb8f57805.svg in Resources */ = {isa = PBXBuildFile; fileRef = 0CA3510F2BA1F5950071C6D9 /* e44790d433fdb8f57805.svg */; };
		0CA351542BA1F5950071C6D9 /* e44790d433fdb8f57805.svg in Resources */ = {isa = PBXBuildFile; fileRef = 0CA3510F2BA1F5950071C6D9 /* e44790d433fdb8f57805.svg */; };
		0CA351552BA1F5950071C6D9 /* 0f110ad29b82ebe65e90.png in Resources */ = {isa = PBXBuildFile; fileRef = 0CA351102BA1F5950071C6D9 /* 0f110ad29b82ebe65e90.png */; };
		0CA351562BA1F5950071C6D9 /* 0f110ad29b82ebe65e90.png in Resources */ = {isa = PBXBuildFile; fileRef = 0CA351102BA1F5950071C6D9 /* 0f110ad29b82ebe65e90.png */; };
		0CA351572BA1F5950071C6D9 /* 4bf8416d9b89a4371ec5.png in Resources */ = {isa = PBXBuildFile; fileRef = 0CA351112BA1F5950071C6D9 /* 4bf8416d9b89a4371ec5.png */; };
		0CA351582BA1F5950071C6D9 /* 4bf8416d9b89a4371ec5.png in Resources */ = {isa = PBXBuildFile; fileRef = 0CA351112BA1F5950071C6D9 /* 4bf8416d9b89a4371ec5.png */; };
		0CA3515B2BA1F5950071C6D9 /* e1f7f96bd108cb271a97.png in Resources */ = {isa = PBXBuildFile; fileRef = 0CA351132BA1F5950071C6D9 /* e1f7f96bd108cb271a97.png */; };
		0CA3515C2BA1F5950071C6D9 /* e1f7f96bd108cb271a97.png in Resources */ = {isa = PBXBuildFile; fileRef = 0CA351132BA1F5950071C6D9 /* e1f7f96bd108cb271a97.png */; };
		0CA3515F2BA1F5950071C6D9 /* 36030efce7fa6018fd27.png in Resources */ = {isa = PBXBuildFile; fileRef = 0CA351152BA1F5950071C6D9 /* 36030efce7fa6018fd27.png */; };
		0CA351602BA1F5950071C6D9 /* 36030efce7fa6018fd27.png in Resources */ = {isa = PBXBuildFile; fileRef = 0CA351152BA1F5950071C6D9 /* 36030efce7fa6018fd27.png */; };
		0CA351612BA1F5950071C6D9 /* 018db4d943d4c833d11c.svg in Resources */ = {isa = PBXBuildFile; fileRef = 0CA351162BA1F5950071C6D9 /* 018db4d943d4c833d11c.svg */; };
		0CA351622BA1F5950071C6D9 /* 018db4d943d4c833d11c.svg in Resources */ = {isa = PBXBuildFile; fileRef = 0CA351162BA1F5950071C6D9 /* 018db4d943d4c833d11c.svg */; };
		0CA351672BA1F5950071C6D9 /* 17a61d7efec84d420dbd.woff in Resources */ = {isa = PBXBuildFile; fileRef = 0CA351192BA1F5950071C6D9 /* 17a61d7efec84d420dbd.woff */; };
		0CA351682BA1F5950071C6D9 /* 17a61d7efec84d420dbd.woff in Resources */ = {isa = PBXBuildFile; fileRef = 0CA351192BA1F5950071C6D9 /* 17a61d7efec84d420dbd.woff */; };
		0CA351692BA1F5950071C6D9 /* e9808ebfa997e9892066.png in Resources */ = {isa = PBXBuildFile; fileRef = 0CA3511A2BA1F5950071C6D9 /* e9808ebfa997e9892066.png */; };
		0CA3516A2BA1F5950071C6D9 /* e9808ebfa997e9892066.png in Resources */ = {isa = PBXBuildFile; fileRef = 0CA3511A2BA1F5950071C6D9 /* e9808ebfa997e9892066.png */; };
		0CA3516B2BA1F5950071C6D9 /* options.html in Resources */ = {isa = PBXBuildFile; fileRef = 0CA3511B2BA1F5950071C6D9 /* options.html */; };
		0CA3516C2BA1F5950071C6D9 /* options.html in Resources */ = {isa = PBXBuildFile; fileRef = 0CA3511B2BA1F5950071C6D9 /* options.html */; };
		0CA3516D2BA1F5950071C6D9 /* 8a6f88327a90b338a57c.woff2 in Resources */ = {isa = PBXBuildFile; fileRef = 0CA3511C2BA1F5950071C6D9 /* 8a6f88327a90b338a57c.woff2 */; };
		0CA3516E2BA1F5950071C6D9 /* 8a6f88327a90b338a57c.woff2 in Resources */ = {isa = PBXBuildFile; fileRef = 0CA3511C2BA1F5950071C6D9 /* 8a6f88327a90b338a57c.woff2 */; };
		31FCB2B12BA2C0CB0057F01E /* cffbbf01d2b8294c80ce.svg in Resources */ = {isa = PBXBuildFile; fileRef = 31FCB2AF2BA2C0CB0057F01E /* cffbbf01d2b8294c80ce.svg */; };
		31FCB2B22BA2C0CB0057F01E /* cffbbf01d2b8294c80ce.svg in Resources */ = {isa = PBXBuildFile; fileRef = 31FCB2AF2BA2C0CB0057F01E /* cffbbf01d2b8294c80ce.svg */; };
		31FCB2B32BA2C0CB0057F01E /* 4a357e4f9694710f4c2c.png in Resources */ = {isa = PBXBuildFile; fileRef = 31FCB2B02BA2C0CB0057F01E /* 4a357e4f9694710f4c2c.png */; };
		31FCB2B42BA2C0CB0057F01E /* 4a357e4f9694710f4c2c.png in Resources */ = {isa = PBXBuildFile; fileRef = 31FCB2B02BA2C0CB0057F01E /* 4a357e4f9694710f4c2c.png */; };
		4C0CF4DF277C9BCE000DB6E3 /* App.swift in Sources */ = {isa = PBXBuildFile; fileRef = 4C0CF4DE277C9BCE000DB6E3 /* App.swift */; };
		4C0CF4E3277C9BD2000DB6E3 /* Assets.xcassets in Resources */ = {isa = PBXBuildFile; fileRef = 4C0CF4E2277C9BD2000DB6E3 /* Assets.xcassets */; };
		4C45E9672780F1E0000A394F /* Tests.swift in Sources */ = {isa = PBXBuildFile; fileRef = 4C45E95F277F6578000A394F /* Tests.swift */; };
		4C56D9DF298BA58C0081EF8C /* SafariWebExtensionHandler.swift in Sources */ = {isa = PBXBuildFile; fileRef = 4C56D95F298BA58C0081EF8C /* SafariWebExtensionHandler.swift */; };
		4C56D9E0298BA58C0081EF8C /* SafariWebExtensionHandler.swift in Sources */ = {isa = PBXBuildFile; fileRef = 4C56D95F298BA58C0081EF8C /* SafariWebExtensionHandler.swift */; };
		4C56DAD3298BA5AA0081EF8C /* Alby Web Extension.appex in Embed Foundation Extensions */ = {isa = PBXBuildFile; fileRef = 4C56D93A298BA4CC0081EF8C /* Alby Web Extension.appex */; platformFilter = ios; settings = {ATTRIBUTES = (RemoveHeadersOnCopy, ); }; };
		4CB66246298C6CE900E78C9E /* assets in Resources */ = {isa = PBXBuildFile; fileRef = 4CB66245298C6CE900E78C9E /* assets */; };
		4CB66247298C6CE900E78C9E /* assets in Resources */ = {isa = PBXBuildFile; fileRef = 4CB66245298C6CE900E78C9E /* assets */; };
		4CB66263298C771B00E78C9E /* js in Resources */ = {isa = PBXBuildFile; fileRef = 4CB66262298C771B00E78C9E /* js */; };
		4CB66264298C771B00E78C9E /* js in Resources */ = {isa = PBXBuildFile; fileRef = 4CB66262298C771B00E78C9E /* js */; };
		4CDC434227A58FC400131398 /* Alby ⚡️.appex in Embed Foundation Extensions */ = {isa = PBXBuildFile; fileRef = 4CDC432827A58FC300131398 /* Alby ⚡️.appex */; platformFilters = (macos, ); settings = {ATTRIBUTES = (RemoveHeadersOnCopy, ); }; };
		4CDC434727A5941E00131398 /* Browser.swift in Sources */ = {isa = PBXBuildFile; fileRef = 4CDC434627A5941E00131398 /* Browser.swift */; platformFilters = (macos, ); };
		4CE7FAE327A337B0004E36EE /* PFMoveApplication.m in Sources */ = {isa = PBXBuildFile; fileRef = 4CE7FAE127A337B0004E36EE /* PFMoveApplication.m */; platformFilters = (macos, ); settings = {COMPILER_FLAGS = "-fno-objc-arc"; }; };
		4CE7FAE927A33909004E36EE /* Security.framework in Frameworks */ = {isa = PBXBuildFile; fileRef = 4CE7FAE827A33909004E36EE /* Security.framework */; };
/* End PBXBuildFile section */

/* Begin PBXContainerItemProxy section */
		4C45E961277F6578000A394F /* PBXContainerItemProxy */ = {
			isa = PBXContainerItemProxy;
			containerPortal = 4C0CF4D3277C9BCD000DB6E3 /* Project object */;
			proxyType = 1;
			remoteGlobalIDString = 4C0CF4DA277C9BCE000DB6E3;
			remoteInfo = Alby;
		};
		4C56DAD4298BA6760081EF8C /* PBXContainerItemProxy */ = {
			isa = PBXContainerItemProxy;
			containerPortal = 4C0CF4D3277C9BCD000DB6E3 /* Project object */;
			proxyType = 1;
			remoteGlobalIDString = 4C56D939298BA4CC0081EF8C;
			remoteInfo = iExtension;
		};
		4CDC433F27A58FC300131398 /* PBXContainerItemProxy */ = {
			isa = PBXContainerItemProxy;
			containerPortal = 4C0CF4D3277C9BCD000DB6E3 /* Project object */;
			proxyType = 1;
			remoteGlobalIDString = 4CDC432727A58FC300131398;
			remoteInfo = macExtension;
		};
/* End PBXContainerItemProxy section */

/* Begin PBXCopyFilesBuildPhase section */
		4CDC434127A58FC300131398 /* Embed Foundation Extensions */ = {
			isa = PBXCopyFilesBuildPhase;
			buildActionMask = 2147483647;
			dstPath = "";
			dstSubfolderSpec = 13;
			files = (
				4C56DAD3298BA5AA0081EF8C /* Alby Web Extension.appex in Embed Foundation Extensions */,
				4CDC434227A58FC400131398 /* Alby ⚡️.appex in Embed Foundation Extensions */,
			);
			name = "Embed Foundation Extensions";
			runOnlyForDeploymentPostprocessing = 0;
		};
/* End PBXCopyFilesBuildPhase section */

/* Begin PBXFileReference section */
		0CA350F42BA1F5940071C6D9 /* 09447b65bc315f21dd88.png */ = {isa = PBXFileReference; lastKnownFileType = image.png; path = 09447b65bc315f21dd88.png; sourceTree = "<group>"; };
		0CA350F52BA1F5940071C6D9 /* popup.html */ = {isa = PBXFileReference; fileEncoding = 4; lastKnownFileType = text.html; path = popup.html; sourceTree = "<group>"; };
		0CA350F82BA1F5950071C6D9 /* 6ab22e10f91e6d604a86.png */ = {isa = PBXFileReference; lastKnownFileType = image.png; path = 6ab22e10f91e6d604a86.png; sourceTree = "<group>"; };
		0CA350F92BA1F5950071C6D9 /* prompt.css */ = {isa = PBXFileReference; fileEncoding = 4; lastKnownFileType = text.css; path = prompt.css; sourceTree = "<group>"; };
		0CA350FA2BA1F5950071C6D9 /* d33c8b75d72c124a9f42.png */ = {isa = PBXFileReference; lastKnownFileType = image.png; path = d33c8b75d72c124a9f42.png; sourceTree = "<group>"; };
		0CA350FB2BA1F5950071C6D9 /* 30ce13955c3f8819dea7.woff2 */ = {isa = PBXFileReference; lastKnownFileType = file; path = 30ce13955c3f8819dea7.woff2; sourceTree = "<group>"; };
		0CA350FC2BA1F5950071C6D9 /* welcome.html */ = {isa = PBXFileReference; fileEncoding = 4; lastKnownFileType = text.html; path = welcome.html; sourceTree = "<group>"; };
		0CA350FD2BA1F5950071C6D9 /* 5c645db5c725ae4290bb.woff2 */ = {isa = PBXFileReference; lastKnownFileType = file; path = 5c645db5c725ae4290bb.woff2; sourceTree = "<group>"; };
		0CA350FE2BA1F5950071C6D9 /* b2a3bfb5c465544f54d2.jpg */ = {isa = PBXFileReference; lastKnownFileType = image.jpeg; path = b2a3bfb5c465544f54d2.jpg; sourceTree = "<group>"; };
		0CA351012BA1F5950071C6D9 /* welcome.css */ = {isa = PBXFileReference; fileEncoding = 4; lastKnownFileType = text.css; path = welcome.css; sourceTree = "<group>"; };
		0CA351022BA1F5950071C6D9 /* 583467e0911eea417339.woff */ = {isa = PBXFileReference; lastKnownFileType = file; path = 583467e0911eea417339.woff; sourceTree = "<group>"; };
		0CA351032BA1F5950071C6D9 /* 4c4ea91e555d4687ded9.png */ = {isa = PBXFileReference; lastKnownFileType = image.png; path = 4c4ea91e555d4687ded9.png; sourceTree = "<group>"; };
		0CA351042BA1F5950071C6D9 /* 4cc1d253927a7d089c7b.png */ = {isa = PBXFileReference; lastKnownFileType = image.png; path = 4cc1d253927a7d089c7b.png; sourceTree = "<group>"; };
		0CA351052BA1F5950071C6D9 /* popup.css */ = {isa = PBXFileReference; fileEncoding = 4; lastKnownFileType = text.css; path = popup.css; sourceTree = "<group>"; };
		0CA351062BA1F5950071C6D9 /* options.css */ = {isa = PBXFileReference; fileEncoding = 4; lastKnownFileType = text.css; path = options.css; sourceTree = "<group>"; };
		0CA351072BA1F5950071C6D9 /* 3a2561edba0b51c5bd0e.woff2 */ = {isa = PBXFileReference; lastKnownFileType = file; path = 3a2561edba0b51c5bd0e.woff2; sourceTree = "<group>"; };
		0CA351082BA1F5950071C6D9 /* 1fae6cf7b7f21182ee95.png */ = {isa = PBXFileReference; lastKnownFileType = image.png; path = 1fae6cf7b7f21182ee95.png; sourceTree = "<group>"; };
		0CA351092BA1F5950071C6D9 /* manifest.json */ = {isa = PBXFileReference; fileEncoding = 4; lastKnownFileType = text.json; path = manifest.json; sourceTree = "<group>"; };
		0CA3510A2BA1F5950071C6D9 /* 81daffde9cd47604bd03.woff */ = {isa = PBXFileReference; lastKnownFileType = file; path = 81daffde9cd47604bd03.woff; sourceTree = "<group>"; };
		0CA3510B2BA1F5950071C6D9 /* e3cdc1640bb5aca79621.png */ = {isa = PBXFileReference; lastKnownFileType = image.png; path = e3cdc1640bb5aca79621.png; sourceTree = "<group>"; };
		0CA3510C2BA1F5950071C6D9 /* 28086fe85e24b818fdf8.woff */ = {isa = PBXFileReference; lastKnownFileType = file; path = 28086fe85e24b818fdf8.woff; sourceTree = "<group>"; };
		0CA3510E2BA1F5950071C6D9 /* prompt.html */ = {isa = PBXFileReference; fileEncoding = 4; lastKnownFileType = text.html; path = prompt.html; sourceTree = "<group>"; };
		0CA3510F2BA1F5950071C6D9 /* e44790d433fdb8f57805.svg */ = {isa = PBXFileReference; fileEncoding = 4; lastKnownFileType = text; path = e44790d433fdb8f57805.svg; sourceTree = "<group>"; };
		0CA351102BA1F5950071C6D9 /* 0f110ad29b82ebe65e90.png */ = {isa = PBXFileReference; lastKnownFileType = image.png; path = 0f110ad29b82ebe65e90.png; sourceTree = "<group>"; };
		0CA351112BA1F5950071C6D9 /* 4bf8416d9b89a4371ec5.png */ = {isa = PBXFileReference; lastKnownFileType = image.png; path = 4bf8416d9b89a4371ec5.png; sourceTree = "<group>"; };
		0CA351132BA1F5950071C6D9 /* e1f7f96bd108cb271a97.png */ = {isa = PBXFileReference; lastKnownFileType = image.png; path = e1f7f96bd108cb271a97.png; sourceTree = "<group>"; };
		0CA351152BA1F5950071C6D9 /* 36030efce7fa6018fd27.png */ = {isa = PBXFileReference; lastKnownFileType = image.png; path = 36030efce7fa6018fd27.png; sourceTree = "<group>"; };
		0CA351162BA1F5950071C6D9 /* 018db4d943d4c833d11c.svg */ = {isa = PBXFileReference; fileEncoding = 4; lastKnownFileType = text; path = 018db4d943d4c833d11c.svg; sourceTree = "<group>"; };
		0CA351192BA1F5950071C6D9 /* 17a61d7efec84d420dbd.woff */ = {isa = PBXFileReference; lastKnownFileType = file; path = 17a61d7efec84d420dbd.woff; sourceTree = "<group>"; };
		0CA3511A2BA1F5950071C6D9 /* e9808ebfa997e9892066.png */ = {isa = PBXFileReference; lastKnownFileType = image.png; path = e9808ebfa997e9892066.png; sourceTree = "<group>"; };
		0CA3511B2BA1F5950071C6D9 /* options.html */ = {isa = PBXFileReference; fileEncoding = 4; lastKnownFileType = text.html; path = options.html; sourceTree = "<group>"; };
		0CA3511C2BA1F5950071C6D9 /* 8a6f88327a90b338a57c.woff2 */ = {isa = PBXFileReference; lastKnownFileType = file; path = 8a6f88327a90b338a57c.woff2; sourceTree = "<group>"; };
		31FCB2AF2BA2C0CB0057F01E /* cffbbf01d2b8294c80ce.svg */ = {isa = PBXFileReference; fileEncoding = 4; lastKnownFileType = text; path = cffbbf01d2b8294c80ce.svg; sourceTree = "<group>"; };
		31FCB2B02BA2C0CB0057F01E /* 4a357e4f9694710f4c2c.png */ = {isa = PBXFileReference; lastKnownFileType = image.png; path = 4a357e4f9694710f4c2c.png; sourceTree = "<group>"; };
		4C0CF4DB277C9BCE000DB6E3 /* Alby.app */ = {isa = PBXFileReference; explicitFileType = wrapper.application; includeInIndex = 0; path = Alby.app; sourceTree = BUILT_PRODUCTS_DIR; };
		4C0CF4DE277C9BCE000DB6E3 /* App.swift */ = {isa = PBXFileReference; lastKnownFileType = sourcecode.swift; path = App.swift; sourceTree = "<group>"; };
		4C0CF4E2277C9BD2000DB6E3 /* Assets.xcassets */ = {isa = PBXFileReference; lastKnownFileType = folder.assetcatalog; path = Assets.xcassets; sourceTree = "<group>"; };
		4C282998278767FE0098E172 /* README.md */ = {isa = PBXFileReference; lastKnownFileType = net.daringfireball.markdown; path = README.md; sourceTree = "<group>"; };
		4C45E95D277F6578000A394F /* Tests.xctest */ = {isa = PBXFileReference; explicitFileType = wrapper.cfbundle; includeInIndex = 0; path = Tests.xctest; sourceTree = BUILT_PRODUCTS_DIR; };
		4C45E95F277F6578000A394F /* Tests.swift */ = {isa = PBXFileReference; lastKnownFileType = sourcecode.swift; path = Tests.swift; sourceTree = "<group>"; };
		4C56D93A298BA4CC0081EF8C /* Alby Web Extension.appex */ = {isa = PBXFileReference; explicitFileType = "wrapper.app-extension"; includeInIndex = 0; path = "Alby Web Extension.appex"; sourceTree = BUILT_PRODUCTS_DIR; };
		4C56D95F298BA58C0081EF8C /* SafariWebExtensionHandler.swift */ = {isa = PBXFileReference; fileEncoding = 4; lastKnownFileType = sourcecode.swift; path = SafariWebExtensionHandler.swift; sourceTree = "<group>"; };
		4C893AE5298C5F63009966DF /* Info.plist */ = {isa = PBXFileReference; lastKnownFileType = text.plist.xml; path = Info.plist; sourceTree = "<group>"; };
		4CB66245298C6CE900E78C9E /* assets */ = {isa = PBXFileReference; lastKnownFileType = folder; path = assets; sourceTree = "<group>"; };
		4CB66262298C771B00E78C9E /* js */ = {isa = PBXFileReference; lastKnownFileType = folder; path = js; sourceTree = "<group>"; };
		4CDC432327A58EB900131398 /* downloader.rb */ = {isa = PBXFileReference; lastKnownFileType = text.script.ruby; path = downloader.rb; sourceTree = "<group>"; };
		4CDC432827A58FC300131398 /* Alby ⚡️.appex */ = {isa = PBXFileReference; explicitFileType = "wrapper.app-extension"; includeInIndex = 0; path = "Alby ⚡️.appex"; sourceTree = BUILT_PRODUCTS_DIR; };
		4CDC433E27A58FC300131398 /* macExtension.entitlements */ = {isa = PBXFileReference; lastKnownFileType = text.plist.entitlements; path = macExtension.entitlements; sourceTree = "<group>"; };
		4CDC434627A5941E00131398 /* Browser.swift */ = {isa = PBXFileReference; lastKnownFileType = sourcecode.swift; path = Browser.swift; sourceTree = "<group>"; };
		4CE7FADE27A3378F004E36EE /* LetsMove.framework */ = {isa = PBXFileReference; lastKnownFileType = wrapper.framework; path = LetsMove.framework; sourceTree = "<group>"; };
		4CE7FAE027A337AF004E36EE /* Bridging.h */ = {isa = PBXFileReference; lastKnownFileType = sourcecode.c.h; path = Bridging.h; sourceTree = "<group>"; };
		4CE7FAE127A337B0004E36EE /* PFMoveApplication.m */ = {isa = PBXFileReference; fileEncoding = 4; lastKnownFileType = sourcecode.c.objc; path = PFMoveApplication.m; sourceTree = "<group>"; };
		4CE7FAE227A337B0004E36EE /* PFMoveApplication.h */ = {isa = PBXFileReference; fileEncoding = 4; lastKnownFileType = sourcecode.c.h; path = PFMoveApplication.h; sourceTree = "<group>"; };
		4CE7FAE827A33909004E36EE /* Security.framework */ = {isa = PBXFileReference; lastKnownFileType = wrapper.framework; name = Security.framework; path = System/Library/Frameworks/Security.framework; sourceTree = SDKROOT; };
/* End PBXFileReference section */

/* Begin PBXFrameworksBuildPhase section */
		4C0CF4D8277C9BCE000DB6E3 /* Frameworks */ = {
			isa = PBXFrameworksBuildPhase;
			buildActionMask = 2147483647;
			files = (
				4CE7FAE927A33909004E36EE /* Security.framework in Frameworks */,
			);
			runOnlyForDeploymentPostprocessing = 0;
		};
		4C45E95A277F6578000A394F /* Frameworks */ = {
			isa = PBXFrameworksBuildPhase;
			buildActionMask = 2147483647;
			files = (
			);
			runOnlyForDeploymentPostprocessing = 0;
		};
		4C56D937298BA4CC0081EF8C /* Frameworks */ = {
			isa = PBXFrameworksBuildPhase;
			buildActionMask = 2147483647;
			files = (
			);
			runOnlyForDeploymentPostprocessing = 0;
		};
		4CDC432527A58FC300131398 /* Frameworks */ = {
			isa = PBXFrameworksBuildPhase;
			buildActionMask = 2147483647;
			files = (
			);
			runOnlyForDeploymentPostprocessing = 0;
		};
/* End PBXFrameworksBuildPhase section */

/* Begin PBXGroup section */
		4C0CF4D2277C9BCD000DB6E3 = {
			isa = PBXGroup;
			children = (
				4CDC432327A58EB900131398 /* downloader.rb */,
				4C282998278767FE0098E172 /* README.md */,
				4C0CF4DE277C9BCE000DB6E3 /* App.swift */,
				4CDC434627A5941E00131398 /* Browser.swift */,
				4C45E95F277F6578000A394F /* Tests.swift */,
				4C0CF4E2277C9BD2000DB6E3 /* Assets.xcassets */,
				4CE7FAE227A337B0004E36EE /* PFMoveApplication.h */,
				4CE7FAE127A337B0004E36EE /* PFMoveApplication.m */,
				4CDC433E27A58FC300131398 /* macExtension.entitlements */,
				4C893AE5298C5F63009966DF /* Info.plist */,
				4C56D95F298BA58C0081EF8C /* SafariWebExtensionHandler.swift */,
				4CB660D8298C6B8D00E78C9E /* Resources */,
				4C0CF4DC277C9BCE000DB6E3 /* Products */,
				4CE7FAE427A337C2004E36EE /* MoveApp */,
				4CE7FAE727A33909004E36EE /* Frameworks */,
			);
			sourceTree = "<group>";
		};
		4C0CF4DC277C9BCE000DB6E3 /* Products */ = {
			isa = PBXGroup;
			children = (
				4C0CF4DB277C9BCE000DB6E3 /* Alby.app */,
				4C45E95D277F6578000A394F /* Tests.xctest */,
				4CDC432827A58FC300131398 /* Alby ⚡️.appex */,
				4C56D93A298BA4CC0081EF8C /* Alby Web Extension.appex */,
			);
			name = Products;
			sourceTree = "<group>";
		};
		4CB660D8298C6B8D00E78C9E /* Resources */ = {
			isa = PBXGroup;
			children = (
				31FCB2B02BA2C0CB0057F01E /* 4a357e4f9694710f4c2c.png */,
				31FCB2AF2BA2C0CB0057F01E /* cffbbf01d2b8294c80ce.svg */,
				0CA351102BA1F5950071C6D9 /* 0f110ad29b82ebe65e90.png */,
				0CA351082BA1F5950071C6D9 /* 1fae6cf7b7f21182ee95.png */,
				0CA351072BA1F5950071C6D9 /* 3a2561edba0b51c5bd0e.woff2 */,
				0CA351112BA1F5950071C6D9 /* 4bf8416d9b89a4371ec5.png */,
				0CA351032BA1F5950071C6D9 /* 4c4ea91e555d4687ded9.png */,
				0CA351042BA1F5950071C6D9 /* 4cc1d253927a7d089c7b.png */,
				0CA350FD2BA1F5950071C6D9 /* 5c645db5c725ae4290bb.woff2 */,
				0CA350F82BA1F5950071C6D9 /* 6ab22e10f91e6d604a86.png */,
				0CA3511C2BA1F5950071C6D9 /* 8a6f88327a90b338a57c.woff2 */,
				0CA351192BA1F5950071C6D9 /* 17a61d7efec84d420dbd.woff */,
				0CA351162BA1F5950071C6D9 /* 018db4d943d4c833d11c.svg */,
				0CA350FB2BA1F5950071C6D9 /* 30ce13955c3f8819dea7.woff2 */,
				0CA3510A2BA1F5950071C6D9 /* 81daffde9cd47604bd03.woff */,
				0CA350F42BA1F5940071C6D9 /* 09447b65bc315f21dd88.png */,
				0CA3510C2BA1F5950071C6D9 /* 28086fe85e24b818fdf8.woff */,
				0CA351152BA1F5950071C6D9 /* 36030efce7fa6018fd27.png */,
				0CA351022BA1F5950071C6D9 /* 583467e0911eea417339.woff */,
				0CA350FE2BA1F5950071C6D9 /* b2a3bfb5c465544f54d2.jpg */,
				0CA350FA2BA1F5950071C6D9 /* d33c8b75d72c124a9f42.png */,
				0CA351132BA1F5950071C6D9 /* e1f7f96bd108cb271a97.png */,
				0CA3510B2BA1F5950071C6D9 /* e3cdc1640bb5aca79621.png */,
				0CA3511A2BA1F5950071C6D9 /* e9808ebfa997e9892066.png */,
				0CA3510F2BA1F5950071C6D9 /* e44790d433fdb8f57805.svg */,
				0CA351092BA1F5950071C6D9 /* manifest.json */,
				0CA351062BA1F5950071C6D9 /* options.css */,
				0CA3511B2BA1F5950071C6D9 /* options.html */,
				0CA351052BA1F5950071C6D9 /* popup.css */,
				0CA350F52BA1F5940071C6D9 /* popup.html */,
				0CA350F92BA1F5950071C6D9 /* prompt.css */,
				0CA3510E2BA1F5950071C6D9 /* prompt.html */,
				0CA351012BA1F5950071C6D9 /* welcome.css */,
				0CA350FC2BA1F5950071C6D9 /* welcome.html */,
				4CB66245298C6CE900E78C9E /* assets */,
				4CB66262298C771B00E78C9E /* js */,
			);
			path = Resources;
			sourceTree = "<group>";
		};
		4CE7FAE427A337C2004E36EE /* MoveApp */ = {
			isa = PBXGroup;
			children = (
				4CE7FADE27A3378F004E36EE /* LetsMove.framework */,
				4CE7FAE027A337AF004E36EE /* Bridging.h */,
			);
			path = MoveApp;
			sourceTree = "<group>";
		};
		4CE7FAE727A33909004E36EE /* Frameworks */ = {
			isa = PBXGroup;
			children = (
				4CE7FAE827A33909004E36EE /* Security.framework */,
			);
			name = Frameworks;
			sourceTree = "<group>";
		};
/* End PBXGroup section */

/* Begin PBXNativeTarget section */
		4C0CF4DA277C9BCE000DB6E3 /* Alby */ = {
			isa = PBXNativeTarget;
			buildConfigurationList = 4C0CF4EA277C9BD2000DB6E3 /* Build configuration list for PBXNativeTarget "Alby" */;
			buildPhases = (
				4C0CF4D7277C9BCE000DB6E3 /* Sources */,
				4C0CF4D8277C9BCE000DB6E3 /* Frameworks */,
				4C0CF4D9277C9BCE000DB6E3 /* Resources */,
				4CDC434127A58FC300131398 /* Embed Foundation Extensions */,
				B7A795AA27D2574100F2E54B /* ShellScript */,
			);
			buildRules = (
			);
			dependencies = (
				4C56DAD5298BA6760081EF8C /* PBXTargetDependency */,
				4CDC434027A58FC300131398 /* PBXTargetDependency */,
			);
			name = Alby;
			productName = Alby;
			productReference = 4C0CF4DB277C9BCE000DB6E3 /* Alby.app */;
			productType = "com.apple.product-type.application";
		};
		4C45E95C277F6578000A394F /* Tests */ = {
			isa = PBXNativeTarget;
			buildConfigurationList = 4C45E963277F6578000A394F /* Build configuration list for PBXNativeTarget "Tests" */;
			buildPhases = (
				4C45E959277F6578000A394F /* Sources */,
				4C45E95A277F6578000A394F /* Frameworks */,
				4C45E95B277F6578000A394F /* Resources */,
			);
			buildRules = (
			);
			dependencies = (
				4C45E962277F6578000A394F /* PBXTargetDependency */,
			);
			name = Tests;
			productName = AlbyTests;
			productReference = 4C45E95D277F6578000A394F /* Tests.xctest */;
			productType = "com.apple.product-type.bundle.unit-test";
		};
		4C56D939298BA4CC0081EF8C /* iOS */ = {
			isa = PBXNativeTarget;
			buildConfigurationList = 4C56D954298BA4CD0081EF8C /* Build configuration list for PBXNativeTarget "iOS" */;
			buildPhases = (
				4C56D936298BA4CC0081EF8C /* Sources */,
				4C56D937298BA4CC0081EF8C /* Frameworks */,
				4C56D938298BA4CC0081EF8C /* Resources */,
			);
			buildRules = (
			);
			dependencies = (
			);
			name = iOS;
			productName = "iExtension Extension";
			productReference = 4C56D93A298BA4CC0081EF8C /* Alby Web Extension.appex */;
			productType = "com.apple.product-type.app-extension";
		};
		4CDC432727A58FC300131398 /* Mac */ = {
			isa = PBXNativeTarget;
			buildConfigurationList = 4CDC434327A58FC400131398 /* Build configuration list for PBXNativeTarget "Mac" */;
			buildPhases = (
				4CDC432427A58FC300131398 /* Sources */,
				4CDC432527A58FC300131398 /* Frameworks */,
				4CDC432627A58FC300131398 /* Resources */,
			);
			buildRules = (
			);
			dependencies = (
			);
			name = Mac;
			productName = macExtension;
			productReference = 4CDC432827A58FC300131398 /* Alby ⚡️.appex */;
			productType = "com.apple.product-type.app-extension";
		};
/* End PBXNativeTarget section */

/* Begin PBXProject section */
		4C0CF4D3277C9BCD000DB6E3 /* Project object */ = {
			isa = PBXProject;
			attributes = {
				BuildIndependentTargetsInParallel = 1;
				LastSwiftUpdateCheck = 1420;
				LastUpgradeCheck = 1420;
				TargetAttributes = {
					4C0CF4DA277C9BCE000DB6E3 = {
						CreatedOnToolsVersion = 13.2;
						LastSwiftMigration = 1320;
					};
					4C45E95C277F6578000A394F = {
						CreatedOnToolsVersion = 13.2.1;
						TestTargetID = 4C0CF4DA277C9BCE000DB6E3;
					};
					4C56D939298BA4CC0081EF8C = {
						CreatedOnToolsVersion = 14.2;
					};
					4CDC432727A58FC300131398 = {
						CreatedOnToolsVersion = 13.3;
					};
				};
			};
			buildConfigurationList = 4C0CF4D6277C9BCE000DB6E3 /* Build configuration list for PBXProject "Alby" */;
			compatibilityVersion = "Xcode 13.0";
			developmentRegion = en;
			hasScannedForEncodings = 0;
			knownRegions = (
				en,
				Base,
			);
			mainGroup = 4C0CF4D2277C9BCD000DB6E3;
			productRefGroup = 4C0CF4DC277C9BCE000DB6E3 /* Products */;
			projectDirPath = "";
			projectRoot = "";
			targets = (
				4C0CF4DA277C9BCE000DB6E3 /* Alby */,
				4C45E95C277F6578000A394F /* Tests */,
				4CDC432727A58FC300131398 /* Mac */,
				4C56D939298BA4CC0081EF8C /* iOS */,
			);
		};
/* End PBXProject section */

/* Begin PBXResourcesBuildPhase section */
		4C0CF4D9277C9BCE000DB6E3 /* Resources */ = {
			isa = PBXResourcesBuildPhase;
			buildActionMask = 2147483647;
			files = (
				4C0CF4E3277C9BD2000DB6E3 /* Assets.xcassets in Resources */,
			);
			runOnlyForDeploymentPostprocessing = 0;
		};
		4C45E95B277F6578000A394F /* Resources */ = {
			isa = PBXResourcesBuildPhase;
			buildActionMask = 2147483647;
			files = (
			);
			runOnlyForDeploymentPostprocessing = 0;
		};
		4C56D938298BA4CC0081EF8C /* Resources */ = {
			isa = PBXResourcesBuildPhase;
			buildActionMask = 2147483647;
			files = (
				0CA3516A2BA1F5950071C6D9 /* e9808ebfa997e9892066.png in Resources */,
				0CA351402BA1F5950071C6D9 /* popup.css in Resources */,
				4CB66264298C771B00E78C9E /* js in Resources */,
				0CA351562BA1F5950071C6D9 /* 0f110ad29b82ebe65e90.png in Resources */,
				0CA3512A2BA1F5950071C6D9 /* d33c8b75d72c124a9f42.png in Resources */,
				0CA351482BA1F5950071C6D9 /* manifest.json in Resources */,
				0CA3515C2BA1F5950071C6D9 /* e1f7f96bd108cb271a97.png in Resources */,
				0CA351682BA1F5950071C6D9 /* 17a61d7efec84d420dbd.woff in Resources */,
				31FCB2B42BA2C0CB0057F01E /* 4a357e4f9694710f4c2c.png in Resources */,
				0CA351542BA1F5950071C6D9 /* e44790d433fdb8f57805.svg in Resources */,
				0CA351602BA1F5950071C6D9 /* 36030efce7fa6018fd27.png in Resources */,
				0CA3514A2BA1F5950071C6D9 /* 81daffde9cd47604bd03.woff in Resources */,
				0CA351202BA1F5950071C6D9 /* popup.html in Resources */,
				0CA3512E2BA1F5950071C6D9 /* welcome.html in Resources */,
				0CA351282BA1F5950071C6D9 /* prompt.css in Resources */,
				0CA3513C2BA1F5950071C6D9 /* 4c4ea91e555d4687ded9.png in Resources */,
				0CA351622BA1F5950071C6D9 /* 018db4d943d4c833d11c.svg in Resources */,
				0CA3511E2BA1F5950071C6D9 /* 09447b65bc315f21dd88.png in Resources */,
				0CA3513A2BA1F5950071C6D9 /* 583467e0911eea417339.woff in Resources */,
				0CA351422BA1F5950071C6D9 /* options.css in Resources */,
				4CB66247298C6CE900E78C9E /* assets in Resources */,
				0CA3514C2BA1F5950071C6D9 /* e3cdc1640bb5aca79621.png in Resources */,
				0CA351302BA1F5950071C6D9 /* 5c645db5c725ae4290bb.woff2 in Resources */,
				0CA351322BA1F5950071C6D9 /* b2a3bfb5c465544f54d2.jpg in Resources */,
				0CA3516E2BA1F5950071C6D9 /* 8a6f88327a90b338a57c.woff2 in Resources */,
				31FCB2B22BA2C0CB0057F01E /* cffbbf01d2b8294c80ce.svg in Resources */,
				0CA351462BA1F5950071C6D9 /* 1fae6cf7b7f21182ee95.png in Resources */,
				0CA3512C2BA1F5950071C6D9 /* 30ce13955c3f8819dea7.woff2 in Resources */,
				0CA351582BA1F5950071C6D9 /* 4bf8416d9b89a4371ec5.png in Resources */,
				0CA351522BA1F5950071C6D9 /* prompt.html in Resources */,
				0CA3516C2BA1F5950071C6D9 /* options.html in Resources */,
				0CA351382BA1F5950071C6D9 /* welcome.css in Resources */,
				0CA351442BA1F5950071C6D9 /* 3a2561edba0b51c5bd0e.woff2 in Resources */,
				0CA351262BA1F5950071C6D9 /* 6ab22e10f91e6d604a86.png in Resources */,
				0CA3514E2BA1F5950071C6D9 /* 28086fe85e24b818fdf8.woff in Resources */,
				0CA3513E2BA1F5950071C6D9 /* 4cc1d253927a7d089c7b.png in Resources */,
			);
			runOnlyForDeploymentPostprocessing = 0;
		};
		4CDC432627A58FC300131398 /* Resources */ = {
			isa = PBXResourcesBuildPhase;
			buildActionMask = 2147483647;
			files = (
				0CA351692BA1F5950071C6D9 /* e9808ebfa997e9892066.png in Resources */,
				0CA3513F2BA1F5950071C6D9 /* popup.css in Resources */,
				4CB66263298C771B00E78C9E /* js in Resources */,
				0CA351552BA1F5950071C6D9 /* 0f110ad29b82ebe65e90.png in Resources */,
				0CA351292BA1F5950071C6D9 /* d33c8b75d72c124a9f42.png in Resources */,
				0CA351472BA1F5950071C6D9 /* manifest.json in Resources */,
				0CA3515B2BA1F5950071C6D9 /* e1f7f96bd108cb271a97.png in Resources */,
				0CA351672BA1F5950071C6D9 /* 17a61d7efec84d420dbd.woff in Resources */,
				31FCB2B32BA2C0CB0057F01E /* 4a357e4f9694710f4c2c.png in Resources */,
				0CA351532BA1F5950071C6D9 /* e44790d433fdb8f57805.svg in Resources */,
				0CA3515F2BA1F5950071C6D9 /* 36030efce7fa6018fd27.png in Resources */,
				0CA351492BA1F5950071C6D9 /* 81daffde9cd47604bd03.woff in Resources */,
				0CA3511F2BA1F5950071C6D9 /* popup.html in Resources */,
				0CA3512D2BA1F5950071C6D9 /* welcome.html in Resources */,
				0CA351272BA1F5950071C6D9 /* prompt.css in Resources */,
				0CA3513B2BA1F5950071C6D9 /* 4c4ea91e555d4687ded9.png in Resources */,
				0CA351612BA1F5950071C6D9 /* 018db4d943d4c833d11c.svg in Resources */,
				0CA3511D2BA1F5950071C6D9 /* 09447b65bc315f21dd88.png in Resources */,
				0CA351392BA1F5950071C6D9 /* 583467e0911eea417339.woff in Resources */,
				0CA351412BA1F5950071C6D9 /* options.css in Resources */,
				4CB66246298C6CE900E78C9E /* assets in Resources */,
				0CA3514B2BA1F5950071C6D9 /* e3cdc1640bb5aca79621.png in Resources */,
				0CA3512F2BA1F5950071C6D9 /* 5c645db5c725ae4290bb.woff2 in Resources */,
				0CA351312BA1F5950071C6D9 /* b2a3bfb5c465544f54d2.jpg in Resources */,
				0CA3516D2BA1F5950071C6D9 /* 8a6f88327a90b338a57c.woff2 in Resources */,
				31FCB2B12BA2C0CB0057F01E /* cffbbf01d2b8294c80ce.svg in Resources */,
				0CA351452BA1F5950071C6D9 /* 1fae6cf7b7f21182ee95.png in Resources */,
				0CA3512B2BA1F5950071C6D9 /* 30ce13955c3f8819dea7.woff2 in Resources */,
				0CA351572BA1F5950071C6D9 /* 4bf8416d9b89a4371ec5.png in Resources */,
				0CA351512BA1F5950071C6D9 /* prompt.html in Resources */,
				0CA3516B2BA1F5950071C6D9 /* options.html in Resources */,
				0CA351372BA1F5950071C6D9 /* welcome.css in Resources */,
				0CA351432BA1F5950071C6D9 /* 3a2561edba0b51c5bd0e.woff2 in Resources */,
				0CA351252BA1F5950071C6D9 /* 6ab22e10f91e6d604a86.png in Resources */,
				0CA3514D2BA1F5950071C6D9 /* 28086fe85e24b818fdf8.woff in Resources */,
				0CA3513D2BA1F5950071C6D9 /* 4cc1d253927a7d089c7b.png in Resources */,
			);
			runOnlyForDeploymentPostprocessing = 0;
		};
/* End PBXResourcesBuildPhase section */

/* Begin PBXShellScriptBuildPhase section */
		B7A795AA27D2574100F2E54B /* ShellScript */ = {
			isa = PBXShellScriptBuildPhase;
			alwaysOutOfDate = 1;
			buildActionMask = 2147483647;
			files = (
			);
			inputFileListPaths = (
			);
			inputPaths = (
			);
			outputFileListPaths = (
			);
			outputPaths = (
			);
			runOnlyForDeploymentPostprocessing = 0;
			shellPath = "/bin/sh ";
			shellScript = "\nif [ \"${CONFIGURATION}\" = \"Release\" ]; then\n cd $SRCROOT\n codesign -s \"Apple Distribution: Alby Inc. (KKHCDVQZ7G)\" --deep -v -f -o runtime alby\nfi\n";
		};
/* End PBXShellScriptBuildPhase section */

/* Begin PBXSourcesBuildPhase section */
		4C0CF4D7277C9BCE000DB6E3 /* Sources */ = {
			isa = PBXSourcesBuildPhase;
			buildActionMask = 2147483647;
			files = (
				4C0CF4DF277C9BCE000DB6E3 /* App.swift in Sources */,
				4CE7FAE327A337B0004E36EE /* PFMoveApplication.m in Sources */,
				4CDC434727A5941E00131398 /* Browser.swift in Sources */,
			);
			runOnlyForDeploymentPostprocessing = 0;
		};
		4C45E959277F6578000A394F /* Sources */ = {
			isa = PBXSourcesBuildPhase;
			buildActionMask = 2147483647;
			files = (
				4C45E9672780F1E0000A394F /* Tests.swift in Sources */,
			);
			runOnlyForDeploymentPostprocessing = 0;
		};
		4C56D936298BA4CC0081EF8C /* Sources */ = {
			isa = PBXSourcesBuildPhase;
			buildActionMask = 2147483647;
			files = (
				4C56D9E0298BA58C0081EF8C /* SafariWebExtensionHandler.swift in Sources */,
			);
			runOnlyForDeploymentPostprocessing = 0;
		};
		4CDC432427A58FC300131398 /* Sources */ = {
			isa = PBXSourcesBuildPhase;
			buildActionMask = 2147483647;
			files = (
				4C56D9DF298BA58C0081EF8C /* SafariWebExtensionHandler.swift in Sources */,
			);
			runOnlyForDeploymentPostprocessing = 0;
		};
/* End PBXSourcesBuildPhase section */

/* Begin PBXTargetDependency section */
		4C45E962277F6578000A394F /* PBXTargetDependency */ = {
			isa = PBXTargetDependency;
			target = 4C0CF4DA277C9BCE000DB6E3 /* Alby */;
			targetProxy = 4C45E961277F6578000A394F /* PBXContainerItemProxy */;
		};
		4C56DAD5298BA6760081EF8C /* PBXTargetDependency */ = {
			isa = PBXTargetDependency;
			platformFilter = ios;
			target = 4C56D939298BA4CC0081EF8C /* iOS */;
			targetProxy = 4C56DAD4298BA6760081EF8C /* PBXContainerItemProxy */;
		};
		4CDC434027A58FC300131398 /* PBXTargetDependency */ = {
			isa = PBXTargetDependency;
			platformFilters = (
				macos,
			);
			target = 4CDC432727A58FC300131398 /* Mac */;
			targetProxy = 4CDC433F27A58FC300131398 /* PBXContainerItemProxy */;
		};
/* End PBXTargetDependency section */

/* Begin XCBuildConfiguration section */
		4C0CF4E8277C9BD2000DB6E3 /* Debug */ = {
			isa = XCBuildConfiguration;
			buildSettings = {
				ALWAYS_SEARCH_USER_PATHS = NO;
				CLANG_ANALYZER_NONNULL = YES;
				CLANG_ANALYZER_NUMBER_OBJECT_CONVERSION = YES_AGGRESSIVE;
				CLANG_CXX_LANGUAGE_STANDARD = "gnu++17";
				CLANG_CXX_LIBRARY = "libc++";
				CLANG_ENABLE_MODULES = YES;
				CLANG_ENABLE_OBJC_ARC = YES;
				CLANG_ENABLE_OBJC_WEAK = YES;
				CLANG_WARN_BLOCK_CAPTURE_AUTORELEASING = YES;
				CLANG_WARN_BOOL_CONVERSION = YES;
				CLANG_WARN_COMMA = YES;
				CLANG_WARN_CONSTANT_CONVERSION = YES;
				CLANG_WARN_DEPRECATED_OBJC_IMPLEMENTATIONS = YES;
				CLANG_WARN_DIRECT_OBJC_ISA_USAGE = YES_ERROR;
				CLANG_WARN_DOCUMENTATION_COMMENTS = YES;
				CLANG_WARN_EMPTY_BODY = YES;
				CLANG_WARN_ENUM_CONVERSION = YES;
				CLANG_WARN_INFINITE_RECURSION = YES;
				CLANG_WARN_INT_CONVERSION = YES;
				CLANG_WARN_NON_LITERAL_NULL_CONVERSION = YES;
				CLANG_WARN_OBJC_IMPLICIT_RETAIN_SELF = YES;
				CLANG_WARN_OBJC_LITERAL_CONVERSION = YES;
				CLANG_WARN_OBJC_ROOT_CLASS = YES_ERROR;
				CLANG_WARN_QUOTED_INCLUDE_IN_FRAMEWORK_HEADER = YES;
				CLANG_WARN_RANGE_LOOP_ANALYSIS = YES;
				CLANG_WARN_STRICT_PROTOTYPES = YES;
				CLANG_WARN_SUSPICIOUS_MOVE = YES;
				CLANG_WARN_UNGUARDED_AVAILABILITY = YES_AGGRESSIVE;
				CLANG_WARN_UNREACHABLE_CODE = YES;
				CLANG_WARN__DUPLICATE_METHOD_MATCH = YES;
				COPY_PHASE_STRIP = NO;
				DEAD_CODE_STRIPPING = YES;
				DEBUG_INFORMATION_FORMAT = dwarf;
				DEVELOPMENT_TEAM = KKHCDVQZ7G;
				ENABLE_STRICT_OBJC_MSGSEND = YES;
				ENABLE_TESTABILITY = YES;
				GCC_C_LANGUAGE_STANDARD = gnu11;
				GCC_DYNAMIC_NO_PIC = NO;
				GCC_NO_COMMON_BLOCKS = YES;
				GCC_OPTIMIZATION_LEVEL = 0;
				GCC_PREPROCESSOR_DEFINITIONS = (
					"DEBUG=1",
					"$(inherited)",
				);
				GCC_WARN_64_TO_32_BIT_CONVERSION = YES;
				GCC_WARN_ABOUT_RETURN_TYPE = YES_ERROR;
				GCC_WARN_UNDECLARED_SELECTOR = YES;
				GCC_WARN_UNINITIALIZED_AUTOS = YES_AGGRESSIVE;
				GCC_WARN_UNUSED_FUNCTION = YES;
				GCC_WARN_UNUSED_VARIABLE = YES;
				INFOPLIST_KEY_UILaunchScreen_Generation = YES;
				IPHONEOS_DEPLOYMENT_TARGET = 17.2;
				MACOSX_DEPLOYMENT_TARGET = 14.2;
				MTL_ENABLE_DEBUG_INFO = INCLUDE_SOURCE;
				MTL_FAST_MATH = YES;
				ONLY_ACTIVE_ARCH = YES;
				PRODUCT_NAME = Alby;
				SDKROOT = macosx;
				SWIFT_ACTIVE_COMPILATION_CONDITIONS = DEBUG;
				SWIFT_OPTIMIZATION_LEVEL = "-Onone";
			};
			name = Debug;
		};
		4C0CF4E9277C9BD2000DB6E3 /* Release */ = {
			isa = XCBuildConfiguration;
			buildSettings = {
				ALWAYS_SEARCH_USER_PATHS = NO;
				CLANG_ANALYZER_NONNULL = YES;
				CLANG_ANALYZER_NUMBER_OBJECT_CONVERSION = YES_AGGRESSIVE;
				CLANG_CXX_LANGUAGE_STANDARD = "gnu++17";
				CLANG_CXX_LIBRARY = "libc++";
				CLANG_ENABLE_MODULES = YES;
				CLANG_ENABLE_OBJC_ARC = YES;
				CLANG_ENABLE_OBJC_WEAK = YES;
				CLANG_WARN_BLOCK_CAPTURE_AUTORELEASING = YES;
				CLANG_WARN_BOOL_CONVERSION = YES;
				CLANG_WARN_COMMA = YES;
				CLANG_WARN_CONSTANT_CONVERSION = YES;
				CLANG_WARN_DEPRECATED_OBJC_IMPLEMENTATIONS = YES;
				CLANG_WARN_DIRECT_OBJC_ISA_USAGE = YES_ERROR;
				CLANG_WARN_DOCUMENTATION_COMMENTS = YES;
				CLANG_WARN_EMPTY_BODY = YES;
				CLANG_WARN_ENUM_CONVERSION = YES;
				CLANG_WARN_INFINITE_RECURSION = YES;
				CLANG_WARN_INT_CONVERSION = YES;
				CLANG_WARN_NON_LITERAL_NULL_CONVERSION = YES;
				CLANG_WARN_OBJC_IMPLICIT_RETAIN_SELF = YES;
				CLANG_WARN_OBJC_LITERAL_CONVERSION = YES;
				CLANG_WARN_OBJC_ROOT_CLASS = YES_ERROR;
				CLANG_WARN_QUOTED_INCLUDE_IN_FRAMEWORK_HEADER = YES;
				CLANG_WARN_RANGE_LOOP_ANALYSIS = YES;
				CLANG_WARN_STRICT_PROTOTYPES = YES;
				CLANG_WARN_SUSPICIOUS_MOVE = YES;
				CLANG_WARN_UNGUARDED_AVAILABILITY = YES_AGGRESSIVE;
				CLANG_WARN_UNREACHABLE_CODE = YES;
				CLANG_WARN__DUPLICATE_METHOD_MATCH = YES;
				COPY_PHASE_STRIP = NO;
				DEAD_CODE_STRIPPING = YES;
				DEBUG_INFORMATION_FORMAT = "dwarf-with-dsym";
				DEVELOPMENT_TEAM = KKHCDVQZ7G;
				ENABLE_NS_ASSERTIONS = NO;
				ENABLE_STRICT_OBJC_MSGSEND = YES;
				GCC_C_LANGUAGE_STANDARD = gnu11;
				GCC_NO_COMMON_BLOCKS = YES;
				GCC_WARN_64_TO_32_BIT_CONVERSION = YES;
				GCC_WARN_ABOUT_RETURN_TYPE = YES_ERROR;
				GCC_WARN_UNDECLARED_SELECTOR = YES;
				GCC_WARN_UNINITIALIZED_AUTOS = YES_AGGRESSIVE;
				GCC_WARN_UNUSED_FUNCTION = YES;
				GCC_WARN_UNUSED_VARIABLE = YES;
				INFOPLIST_KEY_UILaunchScreen_Generation = YES;
				IPHONEOS_DEPLOYMENT_TARGET = 17.2;
				MACOSX_DEPLOYMENT_TARGET = 14.2;
				MTL_ENABLE_DEBUG_INFO = NO;
				MTL_FAST_MATH = YES;
				PRODUCT_NAME = Alby;
				SDKROOT = macosx;
				SWIFT_COMPILATION_MODE = wholemodule;
				SWIFT_OPTIMIZATION_LEVEL = "-O";
			};
			name = Release;
		};
		4C0CF4EB277C9BD2000DB6E3 /* Debug */ = {
			isa = XCBuildConfiguration;
			buildSettings = {
				ALWAYS_EMBED_SWIFT_STANDARD_LIBRARIES = YES;
				ASSETCATALOG_COMPILER_APPICON_NAME = AppIcon;
				ASSETCATALOG_COMPILER_GLOBAL_ACCENT_COLOR_NAME = AccentColor;
				CLANG_ENABLE_MODULES = YES;
				CODE_SIGN_IDENTITY = "Apple Development";
				"CODE_SIGN_IDENTITY[sdk=iphoneos*]" = "iPhone Distribution";
				CODE_SIGN_STYLE = Manual;
				COMBINE_HIDPI_IMAGES = YES;
				CURRENT_PROJECT_VERSION = 3;
				DEAD_CODE_STRIPPING = YES;
				DEVELOPMENT_TEAM = "";
				"DEVELOPMENT_TEAM[sdk=iphoneos*]" = KKHCDVQZ7G;
				ENABLE_HARDENED_RUNTIME = YES;
				ENABLE_PREVIEWS = YES;
				FRAMEWORK_SEARCH_PATHS = (
					"$(inherited)",
					"$(PROJECT_DIR)",
					"$(PROJECT_DIR)/MoveApp",
				);
				GENERATE_INFOPLIST_FILE = YES;
				INFOPLIST_KEY_LSApplicationCategoryType = "public.app-category.utilities";
				INFOPLIST_KEY_NSHumanReadableCopyright = "";
				INFOPLIST_KEY_UILaunchScreen_Generation = YES;
				INFOPLIST_KEY_UIRequiresFullScreen = NO;
				INFOPLIST_KEY_UISupportedInterfaceOrientations = UIInterfaceOrientationPortrait;
				INFOPLIST_KEY_UISupportedInterfaceOrientations_iPad = "UIInterfaceOrientationLandscapeLeft UIInterfaceOrientationLandscapeRight UIInterfaceOrientationPortrait UIInterfaceOrientationPortraitUpsideDown";
				LD_RUNPATH_SEARCH_PATHS = (
					"$(inherited)",
					"@executable_path/../Frameworks",
				);
				MACOSX_DEPLOYMENT_TARGET = 14.2;
				MARKETING_VERSION = 1.0;
				PRODUCT_BUNDLE_IDENTIFIER = com.getalby.extension;
				PRODUCT_NAME = "$(TARGET_NAME)";
				PROVISIONING_PROFILE_SPECIFIER = "";
				"PROVISIONING_PROFILE_SPECIFIER[sdk=iphoneos*]" = "com.getalby.extension Alby Extension";
				SUPPORTED_PLATFORMS = "iphoneos iphonesimulator macosx";
				SUPPORTS_MACCATALYST = NO;
				SUPPORTS_MAC_DESIGNED_FOR_IPHONE_IPAD = NO;
				SWIFT_EMIT_LOC_STRINGS = YES;
				SWIFT_OBJC_BRIDGING_HEADER = MoveApp/Bridging.h;
				SWIFT_OPTIMIZATION_LEVEL = "-Onone";
				SWIFT_VERSION = 5.0;
				TARGETED_DEVICE_FAMILY = "1,2";
			};
			name = Debug;
		};
		4C0CF4EC277C9BD2000DB6E3 /* Release */ = {
			isa = XCBuildConfiguration;
			buildSettings = {
				ALWAYS_EMBED_SWIFT_STANDARD_LIBRARIES = YES;
				ASSETCATALOG_COMPILER_APPICON_NAME = AppIcon;
				ASSETCATALOG_COMPILER_GLOBAL_ACCENT_COLOR_NAME = AccentColor;
				CLANG_ENABLE_MODULES = YES;
				CODE_SIGN_IDENTITY = "Apple Development";
				"CODE_SIGN_IDENTITY[sdk=iphoneos*]" = "iPhone Distribution";
				CODE_SIGN_STYLE = Manual;
				COMBINE_HIDPI_IMAGES = YES;
				CURRENT_PROJECT_VERSION = 3;
				DEAD_CODE_STRIPPING = YES;
				DEVELOPMENT_TEAM = "";
				"DEVELOPMENT_TEAM[sdk=iphoneos*]" = KKHCDVQZ7G;
				ENABLE_HARDENED_RUNTIME = YES;
				ENABLE_PREVIEWS = YES;
				FRAMEWORK_SEARCH_PATHS = (
					"$(inherited)",
					"$(PROJECT_DIR)",
					"$(PROJECT_DIR)/MoveApp",
				);
				GENERATE_INFOPLIST_FILE = YES;
				INFOPLIST_KEY_LSApplicationCategoryType = "public.app-category.utilities";
				INFOPLIST_KEY_NSHumanReadableCopyright = "";
				INFOPLIST_KEY_UILaunchScreen_Generation = YES;
				INFOPLIST_KEY_UIRequiresFullScreen = NO;
				INFOPLIST_KEY_UISupportedInterfaceOrientations = UIInterfaceOrientationPortrait;
				INFOPLIST_KEY_UISupportedInterfaceOrientations_iPad = "UIInterfaceOrientationLandscapeLeft UIInterfaceOrientationLandscapeRight UIInterfaceOrientationPortrait UIInterfaceOrientationPortraitUpsideDown";
				LD_RUNPATH_SEARCH_PATHS = (
					"$(inherited)",
					"@executable_path/../Frameworks",
				);
				MACOSX_DEPLOYMENT_TARGET = 14.2;
				MARKETING_VERSION = 1.0;
				PRODUCT_BUNDLE_IDENTIFIER = com.getalby.extension;
				PRODUCT_NAME = "$(TARGET_NAME)";
				PROVISIONING_PROFILE_SPECIFIER = "";
				"PROVISIONING_PROFILE_SPECIFIER[sdk=iphoneos*]" = "com.getalby.extension Alby Extension";
				SUPPORTED_PLATFORMS = "iphoneos iphonesimulator macosx";
				SUPPORTS_MACCATALYST = NO;
				SUPPORTS_MAC_DESIGNED_FOR_IPHONE_IPAD = NO;
				SWIFT_EMIT_LOC_STRINGS = YES;
				SWIFT_OBJC_BRIDGING_HEADER = MoveApp/Bridging.h;
				SWIFT_VERSION = 5.0;
				TARGETED_DEVICE_FAMILY = "1,2";
			};
			name = Release;
		};
		4C45E964277F6578000A394F /* Debug */ = {
			isa = XCBuildConfiguration;
			buildSettings = {
				BUNDLE_LOADER = "$(TEST_HOST)";
				CODE_SIGN_STYLE = Automatic;
				CURRENT_PROJECT_VERSION = 1;
				DEAD_CODE_STRIPPING = YES;
				GENERATE_INFOPLIST_FILE = YES;
				MARKETING_VERSION = 1.0;
				PRODUCT_BUNDLE_IDENTIFIER = com.getalby.AlbyTests;
				PRODUCT_NAME = "$(TARGET_NAME)";
				SWIFT_EMIT_LOC_STRINGS = NO;
				SWIFT_VERSION = 5.0;
				TEST_HOST = "$(BUILT_PRODUCTS_DIR)/Alby.app/Contents/MacOS/Alby";
			};
			name = Debug;
		};
		4C45E965277F6578000A394F /* Release */ = {
			isa = XCBuildConfiguration;
			buildSettings = {
				BUNDLE_LOADER = "$(TEST_HOST)";
				CODE_SIGN_STYLE = Automatic;
				CURRENT_PROJECT_VERSION = 1;
				DEAD_CODE_STRIPPING = YES;
				GENERATE_INFOPLIST_FILE = YES;
				MARKETING_VERSION = 1.0;
				PRODUCT_BUNDLE_IDENTIFIER = com.getalby.AlbyTests;
				PRODUCT_NAME = "$(TARGET_NAME)";
				SWIFT_EMIT_LOC_STRINGS = NO;
				SWIFT_VERSION = 5.0;
				TEST_HOST = "$(BUILT_PRODUCTS_DIR)/Alby.app/Contents/MacOS/Alby";
			};
			name = Release;
		};
		4C56D955298BA4CD0081EF8C /* Debug */ = {
			isa = XCBuildConfiguration;
			buildSettings = {
				CLANG_CXX_LANGUAGE_STANDARD = "gnu++20";
				"CODE_SIGN_IDENTITY[sdk=iphoneos*]" = "iPhone Distribution";
				CODE_SIGN_STYLE = Manual;
				CURRENT_PROJECT_VERSION = 3;
				DEVELOPMENT_TEAM = "";
				"DEVELOPMENT_TEAM[sdk=iphoneos*]" = KKHCDVQZ7G;
				GENERATE_INFOPLIST_FILE = YES;
				INFOPLIST_FILE = Info.plist;
				INFOPLIST_KEY_UILaunchScreen_Generation = YES;
				LD_RUNPATH_SEARCH_PATHS = (
					"$(inherited)",
					"@executable_path/Frameworks",
					"@executable_path/../../Frameworks",
				);
				MARKETING_VERSION = 1.0;
				OTHER_LDFLAGS = (
					"-framework",
					SafariServices,
				);
				PRODUCT_BUNDLE_IDENTIFIER = com.getalby.extension;
				PRODUCT_NAME = "Alby Web Extension";
				PROVISIONING_PROFILE_SPECIFIER = "";
				"PROVISIONING_PROFILE_SPECIFIER[sdk=iphoneos*]" = "com.getalby.extension Alby Extension";
				SDKROOT = iphoneos;
				SKIP_INSTALL = YES;
				SWIFT_EMIT_LOC_STRINGS = YES;
				SWIFT_VERSION = 5.0;
				TARGETED_DEVICE_FAMILY = "1,2";
			};
			name = Debug;
		};
		4C56D956298BA4CD0081EF8C /* Release */ = {
			isa = XCBuildConfiguration;
			buildSettings = {
				CLANG_CXX_LANGUAGE_STANDARD = "gnu++20";
				"CODE_SIGN_IDENTITY[sdk=iphoneos*]" = "iPhone Distribution";
				CODE_SIGN_STYLE = Manual;
				CURRENT_PROJECT_VERSION = 3;
				DEVELOPMENT_TEAM = "";
				"DEVELOPMENT_TEAM[sdk=iphoneos*]" = KKHCDVQZ7G;
				GENERATE_INFOPLIST_FILE = YES;
				INFOPLIST_FILE = Info.plist;
				INFOPLIST_KEY_UILaunchScreen_Generation = YES;
				LD_RUNPATH_SEARCH_PATHS = (
					"$(inherited)",
					"@executable_path/Frameworks",
					"@executable_path/../../Frameworks",
				);
				MARKETING_VERSION = 1.0;
				OTHER_LDFLAGS = (
					"-framework",
					SafariServices,
				);
				PRODUCT_BUNDLE_IDENTIFIER = com.getalby.extension;
				PRODUCT_NAME = "Alby Web Extension";
				PROVISIONING_PROFILE_SPECIFIER = "";
				"PROVISIONING_PROFILE_SPECIFIER[sdk=iphoneos*]" = "com.getalby.extension Alby Extension";
				SDKROOT = iphoneos;
				SKIP_INSTALL = YES;
				SWIFT_EMIT_LOC_STRINGS = YES;
				SWIFT_VERSION = 5.0;
				TARGETED_DEVICE_FAMILY = "1,2";
				VALIDATE_PRODUCT = YES;
			};
			name = Release;
		};
		4CDC434427A58FC400131398 /* Debug */ = {
			isa = XCBuildConfiguration;
			buildSettings = {
				CODE_SIGN_ENTITLEMENTS = macExtension.entitlements;
				CODE_SIGN_STYLE = Automatic;
				CURRENT_PROJECT_VERSION = 3;
				DEAD_CODE_STRIPPING = YES;
				ENABLE_HARDENED_RUNTIME = YES;
				GENERATE_INFOPLIST_FILE = YES;
				INFOPLIST_FILE = Info.plist;
				LD_RUNPATH_SEARCH_PATHS = (
					"$(inherited)",
					"@executable_path/../Frameworks",
					"@executable_path/../../../../Frameworks",
				);
				MARKETING_VERSION = 1.0;
				OTHER_LDFLAGS = (
					"-framework",
					SafariServices,
				);
				PRODUCT_BUNDLE_IDENTIFIER = com.getalby.Alby.webExtension;
				PRODUCT_NAME = "Alby ⚡️";
				SKIP_INSTALL = YES;
				SWIFT_EMIT_LOC_STRINGS = YES;
				SWIFT_VERSION = 5.0;
			};
			name = Debug;
		};
		4CDC434527A58FC400131398 /* Release */ = {
			isa = XCBuildConfiguration;
			buildSettings = {
				CODE_SIGN_ENTITLEMENTS = macExtension.entitlements;
				CODE_SIGN_STYLE = Automatic;
				CURRENT_PROJECT_VERSION = 3;
				DEAD_CODE_STRIPPING = YES;
				ENABLE_HARDENED_RUNTIME = YES;
				GENERATE_INFOPLIST_FILE = YES;
				INFOPLIST_FILE = Info.plist;
				LD_RUNPATH_SEARCH_PATHS = (
					"$(inherited)",
					"@executable_path/../Frameworks",
					"@executable_path/../../../../Frameworks",
				);
				MARKETING_VERSION = 1.0;
				OTHER_LDFLAGS = (
					"-framework",
					SafariServices,
				);
				PRODUCT_BUNDLE_IDENTIFIER = com.getalby.Alby.webExtension;
				PRODUCT_NAME = "Alby ⚡️";
				SKIP_INSTALL = YES;
				SWIFT_EMIT_LOC_STRINGS = YES;
				SWIFT_VERSION = 5.0;
			};
			name = Release;
		};
/* End XCBuildConfiguration section */

/* Begin XCConfigurationList section */
		4C0CF4D6277C9BCE000DB6E3 /* Build configuration list for PBXProject "Alby" */ = {
			isa = XCConfigurationList;
			buildConfigurations = (
				4C0CF4E8277C9BD2000DB6E3 /* Debug */,
				4C0CF4E9277C9BD2000DB6E3 /* Release */,
			);
			defaultConfigurationIsVisible = 0;
			defaultConfigurationName = Release;
		};
		4C0CF4EA277C9BD2000DB6E3 /* Build configuration list for PBXNativeTarget "Alby" */ = {
			isa = XCConfigurationList;
			buildConfigurations = (
				4C0CF4EB277C9BD2000DB6E3 /* Debug */,
				4C0CF4EC277C9BD2000DB6E3 /* Release */,
			);
			defaultConfigurationIsVisible = 0;
			defaultConfigurationName = Release;
		};
		4C45E963277F6578000A394F /* Build configuration list for PBXNativeTarget "Tests" */ = {
			isa = XCConfigurationList;
			buildConfigurations = (
				4C45E964277F6578000A394F /* Debug */,
				4C45E965277F6578000A394F /* Release */,
			);
			defaultConfigurationIsVisible = 0;
			defaultConfigurationName = Release;
		};
		4C56D954298BA4CD0081EF8C /* Build configuration list for PBXNativeTarget "iOS" */ = {
			isa = XCConfigurationList;
			buildConfigurations = (
				4C56D955298BA4CD0081EF8C /* Debug */,
				4C56D956298BA4CD0081EF8C /* Release */,
			);
			defaultConfigurationIsVisible = 0;
			defaultConfigurationName = Release;
		};
		4CDC434327A58FC400131398 /* Build configuration list for PBXNativeTarget "Mac" */ = {
			isa = XCConfigurationList;
			buildConfigurations = (
				4CDC434427A58FC400131398 /* Debug */,
				4CDC434527A58FC400131398 /* Release */,
			);
			defaultConfigurationIsVisible = 0;
			defaultConfigurationName = Release;
		};
/* End XCConfigurationList section */
	};
	rootObject = 4C0CF4D3277C9BCD000DB6E3 /* Project object */;
}
